# THIS IS AN AUTOGENERATED FILE. DO NOT EDIT THIS FILE DIRECTLY.
# yarn lockfile v1


js-sha256@^0.11.0:
  version "0.11.0"
  resolved "https://registry.npmmirror.com/js-sha256/-/js-sha256-0.11.0.tgz#256a921d9292f7fe98905face82e367abaca9576"
  integrity sha512-6xNlKayMZvds9h1Y1VWc0fQHQ82BxTXizWPEtEeGvmOUYpBRy4gbWroHLpzowe6xiQhHpelCQiE7HEdznyBL9Q==
